
Microsoft Visual Studio Solution File, Format Version 12.00
# Visual Studio Version 17
VisualStudioVersion = 17.4.33205.214
MinimumVisualStudioVersion = 10.0.40219.1
Project("{2150E333-8FDC-42A3-9474-1A3956D46DE8}") = "FrontEnd", "FrontEnd", "{31551CD8-8B52-4D33-9ADF-7EF5E1737A42}"
EndProject
Project("{9A19103F-16F7-4668-BE54-9A1E7A4F7556}") = "Shopping.Web", "Shopping.Web\Shopping.Web.csproj", "{C7A9C172-3E19-4FE5-B334-C434E94C4A47}"
EndProject
Project("{2150E333-8FDC-42A3-9474-1A3956D46DE8}") = "Services", "Services", "{3320DA15-372A-4328-9A87-3E37F05696FC}"
EndProject
Project("{9A19103F-16F7-4668-BE54-9A1E7A4F7556}") = "Shopping.ProductAPI", "Shopping.ProductAPI\Shopping.ProductAPI.csproj", "{0EDE4F0F-8B0E-4DDB-B419-ED8E46219437}"
EndProject
Project("{9A19103F-16F7-4668-BE54-9A1E7A4F7556}") = "IdentityServer", "IdentityServer\IdentityServer.csproj", "{7189124E-3810-4165-8F31-52D698D25C51}"
EndProject
Project("{9A19103F-16F7-4668-BE54-9A1E7A4F7556}") = "Shopping.CartAPI", "Shopping.CartAPI\Shopping.CartAPI.csproj", "{36A8FDF7-1F2E-4C30-85CD-C3D0610AB55A}"
EndProject
Project("{9A19103F-16F7-4668-BE54-9A1E7A4F7556}") = "Shopping.CouponAPI", "Shopping.CouponAPI\Shopping.CouponAPI.csproj", "{CE3E8A97-9AA6-4799-9A76-D5F69F4FBACC}"
EndProject
Project("{2150E333-8FDC-42A3-9474-1A3956D46DE8}") = "Integration", "Integration", "{DF4476E6-7386-4705-A2CD-A480A98EEAA8}"
EndProject
Project("{9A19103F-16F7-4668-BE54-9A1E7A4F7556}") = "Shopping.MessageBus", "Shopping.MessageBus\Shopping.MessageBus.csproj", "{10292D97-853D-42CB-90D3-1429F5781BFA}"
EndProject
Project("{FAE04EC0-301F-11D3-BF4B-00C04F79EFBC}") = "Shopping.OrderAPI", "Shopping.OrderAPI\Shopping.OrderAPI.csproj", "{7CAC0079-64D8-4A40-98BD-7C9BC2933D0E}"
EndProject
Global
	GlobalSection(SolutionConfigurationPlatforms) = preSolution
		Debug|Any CPU = Debug|Any CPU
		Release|Any CPU = Release|Any CPU
	EndGlobalSection
	GlobalSection(ProjectConfigurationPlatforms) = postSolution
		{C7A9C172-3E19-4FE5-B334-C434E94C4A47}.Debug|Any CPU.ActiveCfg = Debug|Any CPU
		{C7A9C172-3E19-4FE5-B334-C434E94C4A47}.Debug|Any CPU.Build.0 = Debug|Any CPU
		{C7A9C172-3E19-4FE5-B334-C434E94C4A47}.Release|Any CPU.ActiveCfg = Release|Any CPU
		{C7A9C172-3E19-4FE5-B334-C434E94C4A47}.Release|Any CPU.Build.0 = Release|Any CPU
		{0EDE4F0F-8B0E-4DDB-B419-ED8E46219437}.Debug|Any CPU.ActiveCfg = Debug|Any CPU
		{0EDE4F0F-8B0E-4DDB-B419-ED8E46219437}.Debug|Any CPU.Build.0 = Debug|Any CPU
		{0EDE4F0F-8B0E-4DDB-B419-ED8E46219437}.Release|Any CPU.ActiveCfg = Release|Any CPU
		{0EDE4F0F-8B0E-4DDB-B419-ED8E46219437}.Release|Any CPU.Build.0 = Release|Any CPU
		{7189124E-3810-4165-8F31-52D698D25C51}.Debug|Any CPU.ActiveCfg = Debug|Any CPU
		{7189124E-3810-4165-8F31-52D698D25C51}.Debug|Any CPU.Build.0 = Debug|Any CPU
		{7189124E-3810-4165-8F31-52D698D25C51}.Release|Any CPU.ActiveCfg = Release|Any CPU
		{7189124E-3810-4165-8F31-52D698D25C51}.Release|Any CPU.Build.0 = Release|Any CPU
		{36A8FDF7-1F2E-4C30-85CD-C3D0610AB55A}.Debug|Any CPU.ActiveCfg = Debug|Any CPU
		{36A8FDF7-1F2E-4C30-85CD-C3D0610AB55A}.Debug|Any CPU.Build.0 = Debug|Any CPU
		{36A8FDF7-1F2E-4C30-85CD-C3D0610AB55A}.Release|Any CPU.ActiveCfg = Release|Any CPU
		{36A8FDF7-1F2E-4C30-85CD-C3D0610AB55A}.Release|Any CPU.Build.0 = Release|Any CPU
		{CE3E8A97-9AA6-4799-9A76-D5F69F4FBACC}.Debug|Any CPU.ActiveCfg = Debug|Any CPU
		{CE3E8A97-9AA6-4799-9A76-D5F69F4FBACC}.Debug|Any CPU.Build.0 = Debug|Any CPU
		{CE3E8A97-9AA6-4799-9A76-D5F69F4FBACC}.Release|Any CPU.ActiveCfg = Release|Any CPU
		{CE3E8A97-9AA6-4799-9A76-D5F69F4FBACC}.Release|Any CPU.Build.0 = Release|Any CPU
		{10292D97-853D-42CB-90D3-1429F5781BFA}.Debug|Any CPU.ActiveCfg = Debug|Any CPU
		{10292D97-853D-42CB-90D3-1429F5781BFA}.Debug|Any CPU.Build.0 = Debug|Any CPU
		{10292D97-853D-42CB-90D3-1429F5781BFA}.Release|Any CPU.ActiveCfg = Release|Any CPU
		{10292D97-853D-42CB-90D3-1429F5781BFA}.Release|Any CPU.Build.0 = Release|Any CPU
		{7CAC0079-64D8-4A40-98BD-7C9BC2933D0E}.Debug|Any CPU.ActiveCfg = Debug|Any CPU
		{7CAC0079-64D8-4A40-98BD-7C9BC2933D0E}.Debug|Any CPU.Build.0 = Debug|Any CPU
		{7CAC0079-64D8-4A40-98BD-7C9BC2933D0E}.Release|Any CPU.ActiveCfg = Release|Any CPU
		{7CAC0079-64D8-4A40-98BD-7C9BC2933D0E}.Release|Any CPU.Build.0 = Release|Any CPU
	EndGlobalSection
	GlobalSection(SolutionProperties) = preSolution
		HideSolutionNode = FALSE
	EndGlobalSection
	GlobalSection(NestedProjects) = preSolution
		{C7A9C172-3E19-4FE5-B334-C434E94C4A47} = {31551CD8-8B52-4D33-9ADF-7EF5E1737A42}
		{0EDE4F0F-8B0E-4DDB-B419-ED8E46219437} = {3320DA15-372A-4328-9A87-3E37F05696FC}
		{7189124E-3810-4165-8F31-52D698D25C51} = {3320DA15-372A-4328-9A87-3E37F05696FC}
		{36A8FDF7-1F2E-4C30-85CD-C3D0610AB55A} = {3320DA15-372A-4328-9A87-3E37F05696FC}
		{CE3E8A97-9AA6-4799-9A76-D5F69F4FBACC} = {3320DA15-372A-4328-9A87-3E37F05696FC}
		{10292D97-853D-42CB-90D3-1429F5781BFA} = {DF4476E6-7386-4705-A2CD-A480A98EEAA8}
		{7CAC0079-64D8-4A40-98BD-7C9BC2933D0E} = {3320DA15-372A-4328-9A87-3E37F05696FC}
	EndGlobalSection
	GlobalSection(ExtensibilityGlobals) = postSolution
		SolutionGuid = {E437BE71-FCFE-409B-A6C4-F1A7BBD31964}
	EndGlobalSection
EndGlobal
